{
  "name": "tweetnacl-expo-pollyfill",
  "version": "1.0.0",
  "lockfileVersion": 2,
  "requires": true,
  "packages": {
    "": {
      "name": "tweetnacl-expo-pollyfill",
      "version": "1.0.0",
      "license": "ISC",
      "dependencies": {
        "@craftzdog/react-native-buffer": "^6.0.5",
        "expo-crypto": "^12.6.0",
        "expo-standard-web-crypto": "^1.7.0",
        "react-native-url-polyfill": "^2.0.0"
      }
    },
    "node_modules/@craftzdog/react-native-buffer": {
      "version": "6.0.5",
      "resolved": "https://registry.npmjs.org/@craftzdog/react-native-buffer/-/react-native-buffer-6.0.5.tgz",
      "integrity": "sha512-Av+YqfwA9e7jhgI9GFE/gTpwl/H+dRRLmZyJPOpKTy107j9Oj7oXlm3/YiMNz+C/CEGqcKAOqnXDLs4OL6AAFw==",
      "funding": [
        {
          "type": "github",
          "url": "https://github.com/sponsors/feross"
        },
        {
          "type": "patreon",
          "url": "https://www.patreon.com/feross"
        },
        {
          "type": "consulting",
          "url": "https://feross.org/support"
        }
      ],
      "dependencies": {
        "ieee754": "^1.2.1",
        "react-native-quick-base64": "^2.0.5"
      }
    },
    "node_modules/base64-js": {
      "version": "1.5.1",
      "resolved": "https://registry.npmjs.org/base64-js/-/base64-js-1.5.1.tgz",
      "integrity": "sha512-AKpaYlHn8t4SVbOHCy+b5+KKgvR4vrsD8vbvrbiQJps7fKDTkjkDry6ji0rUJjC0kzbNePLwzxq8iypo41qeWA==",
      "funding": [
        {
          "type": "github",
          "url": "https://github.com/sponsors/feross"
        },
        {
          "type": "patreon",
          "url": "https://www.patreon.com/feross"
        },
        {
          "type": "consulting",
          "url": "https://feross.org/support"
        }
      ]
    },
    "node_modules/buffer": {
      "version": "5.7.1",
      "resolved": "https://registry.npmjs.org/buffer/-/buffer-5.7.1.tgz",
      "integrity": "sha512-EHcyIPBQ4BSGlvjB16k5KgAJ27CIsHY/2JBmCRReo48y9rQ3MaUzWX3KVlBa4U7MyX02HdVj0K7C3WaB3ju7FQ==",
      "funding": [
        {
          "type": "github",
          "url": "https://github.com/sponsors/feross"
        },
        {
          "type": "patreon",
          "url": "https://www.patreon.com/feross"
        },
        {
          "type": "consulting",
          "url": "https://feross.org/support"
        }
      ],
      "dependencies": {
        "base64-js": "^1.3.1",
        "ieee754": "^1.1.13"
      }
    },
    "node_modules/expo-crypto": {
      "version": "12.6.0",
      "resolved": "https://registry.npmjs.org/expo-crypto/-/expo-crypto-12.6.0.tgz",
      "integrity": "sha512-wSq64eIJxk4lQBidtcW9wNF5AgO/UvV8W8mDhb7bo6P3xH41yvu/P4FcxevQY1taGA8VHD+fO+xQDrhPiHzFqQ==",
      "dependencies": {
        "base64-js": "^1.3.0"
      },
      "peerDependencies": {
        "expo": "*"
      }
    },
    "node_modules/expo-standard-web-crypto": {
      "version": "1.7.0",
      "resolved": "https://registry.npmjs.org/expo-standard-web-crypto/-/expo-standard-web-crypto-1.7.0.tgz",
      "integrity": "sha512-5A2UjOgvtGaYO0Ep7fChMV8bl0Y8BFylPR70hkbgiHwt7FBUuregC/jiRM0JunZHhe+AD4HSdgp9/3YgrwuPPw==",
      "peerDependencies": {
        "expo-crypto": "^12.2.1"
      },
      "peerDependenciesMeta": {
        "expo-random": {
          "optional": true
        }
      }
    },
    "node_modules/ieee754": {
      "version": "1.2.1",
      "resolved": "https://registry.npmjs.org/ieee754/-/ieee754-1.2.1.tgz",
      "integrity": "sha512-dcyqhDvX1C46lXZcVqCpK+FtMRQVdIMN6/Df5js2zouUsqG7I6sFxitIC+7KYK29KdXOLHdu9zL4sFnoVQnqaA==",
      "funding": [
        {
          "type": "github",
          "url": "https://github.com/sponsors/feross"
        },
        {
          "type": "patreon",
          "url": "https://www.patreon.com/feross"
        },
        {
          "type": "consulting",
          "url": "https://feross.org/support"
        }
      ]
    },
    "node_modules/punycode": {
      "version": "2.3.0",
      "resolved": "https://registry.npmjs.org/punycode/-/punycode-2.3.0.tgz",
      "integrity": "sha512-rRV+zQD8tVFys26lAGR9WUuS4iUAngJScM+ZRSKtvl5tKeZ2t5bvdNFdNHBW9FWR4guGHlgmsZ1G7BSm2wTbuA==",
      "engines": {
        "node": ">=6"
      }
    },
    "node_modules/react-native-quick-base64": {
      "version": "2.0.7",
      "resolved": "https://registry.npmjs.org/react-native-quick-base64/-/react-native-quick-base64-2.0.7.tgz",
      "integrity": "sha512-QmOon3zXAWFi3KvQVCJjCC7N66rwfl1R4nLPuJ+OVs8nWysvKlaU8mKxe2BV4Ud1nB3nTDgyi2VCJFpjtjJxKw==",
      "dependencies": {
        "base64-js": "^1.5.1"
      },
      "peerDependencies": {
        "react": "*",
        "react-native": "*"
      }
    },
    "node_modules/react-native-url-polyfill": {
      "version": "2.0.0",
      "resolved": "https://registry.npmjs.org/react-native-url-polyfill/-/react-native-url-polyfill-2.0.0.tgz",
      "integrity": "sha512-My330Do7/DvKnEvwQc0WdcBnFPploYKp9CYlefDXzIdEaA+PAhDYllkvGeEroEzvc4Kzzj2O4yVdz8v6fjRvhA==",
      "dependencies": {
        "whatwg-url-without-unicode": "8.0.0-3"
      },
      "peerDependencies": {
        "react-native": "*"
      }
    },
    "node_modules/webidl-conversions": {
      "version": "5.0.0",
      "resolved": "https://registry.npmjs.org/webidl-conversions/-/webidl-conversions-5.0.0.tgz",
      "integrity": "sha512-VlZwKPCkYKxQgeSbH5EyngOmRp7Ww7I9rQLERETtf5ofd9pGeswWiOtogpEO850jziPRarreGxn5QIiTqpb2wA==",
      "engines": {
        "node": ">=8"
      }
    },
    "node_modules/whatwg-url-without-unicode": {
      "version": "8.0.0-3",
      "resolved": "https://registry.npmjs.org/whatwg-url-without-unicode/-/whatwg-url-without-unicode-8.0.0-3.tgz",
      "integrity": "sha512-HoKuzZrUlgpz35YO27XgD28uh/WJH4B0+3ttFqRo//lmq+9T/mIOJ6kqmINI9HpUpz1imRC/nR/lxKpJiv0uig==",
      "dependencies": {
        "buffer": "^5.4.3",
        "punycode": "^2.1.1",
        "webidl-conversions": "^5.0.0"
      },
      "engines": {
        "node": ">=10"
      }
    }
  },
  "dependencies": {
    "@craftzdog/react-native-buffer": {
      "version": "6.0.5",
      "resolved": "https://registry.npmjs.org/@craftzdog/react-native-buffer/-/react-native-buffer-6.0.5.tgz",
      "integrity": "sha512-Av+YqfwA9e7jhgI9GFE/gTpwl/H+dRRLmZyJPOpKTy107j9Oj7oXlm3/YiMNz+C/CEGqcKAOqnXDLs4OL6AAFw==",
      "requires": {
        "ieee754": "^1.2.1",
        "react-native-quick-base64": "^2.0.5"
      }
    },
    "base64-js": {
      "version": "1.5.1",
      "resolved": "https://registry.npmjs.org/base64-js/-/base64-js-1.5.1.tgz",
      "integrity": "sha512-AKpaYlHn8t4SVbOHCy+b5+KKgvR4vrsD8vbvrbiQJps7fKDTkjkDry6ji0rUJjC0kzbNePLwzxq8iypo41qeWA=="
    },
    "buffer": {
      "version": "5.7.1",
      "resolved": "https://registry.npmjs.org/buffer/-/buffer-5.7.1.tgz",
      "integrity": "sha512-EHcyIPBQ4BSGlvjB16k5KgAJ27CIsHY/2JBmCRReo48y9rQ3MaUzWX3KVlBa4U7MyX02HdVj0K7C3WaB3ju7FQ==",
      "requires": {
        "base64-js": "^1.3.1",
        "ieee754": "^1.1.13"
      }
    },
    "expo-crypto": {
      "version": "12.6.0",
      "resolved": "https://registry.npmjs.org/expo-crypto/-/expo-crypto-12.6.0.tgz",
      "integrity": "sha512-wSq64eIJxk4lQBidtcW9wNF5AgO/UvV8W8mDhb7bo6P3xH41yvu/P4FcxevQY1taGA8VHD+fO+xQDrhPiHzFqQ==",
      "requires": {
        "base64-js": "^1.3.0"
      }
    },
    "expo-standard-web-crypto": {
      "version": "1.7.0",
      "resolved": "https://registry.npmjs.org/expo-standard-web-crypto/-/expo-standard-web-crypto-1.7.0.tgz",
      "integrity": "sha512-5A2UjOgvtGaYO0Ep7fChMV8bl0Y8BFylPR70hkbgiHwt7FBUuregC/jiRM0JunZHhe+AD4HSdgp9/3YgrwuPPw=="
    },
    "ieee754": {
      "version": "1.2.1",
      "resolved": "https://registry.npmjs.org/ieee754/-/ieee754-1.2.1.tgz",
      "integrity": "sha512-dcyqhDvX1C46lXZcVqCpK+FtMRQVdIMN6/Df5js2zouUsqG7I6sFxitIC+7KYK29KdXOLHdu9zL4sFnoVQnqaA=="
    },
    "punycode": {
      "version": "2.3.0",
      "resolved": "https://registry.npmjs.org/punycode/-/punycode-2.3.0.tgz",
      "integrity": "sha512-rRV+zQD8tVFys26lAGR9WUuS4iUAngJScM+ZRSKtvl5tKeZ2t5bvdNFdNHBW9FWR4guGHlgmsZ1G7BSm2wTbuA=="
    },
    "react-native-quick-base64": {
      "version": "2.0.7",
      "resolved": "https://registry.npmjs.org/react-native-quick-base64/-/react-native-quick-base64-2.0.7.tgz",
      "integrity": "sha512-QmOon3zXAWFi3KvQVCJjCC7N66rwfl1R4nLPuJ+OVs8nWysvKlaU8mKxe2BV4Ud1nB3nTDgyi2VCJFpjtjJxKw==",
      "requires": {
        "base64-js": "^1.5.1"
      }
    },
    "react-native-url-polyfill": {
      "version": "2.0.0",
      "resolved": "https://registry.npmjs.org/react-native-url-polyfill/-/react-native-url-polyfill-2.0.0.tgz",
      "integrity": "sha512-My330Do7/DvKnEvwQc0WdcBnFPploYKp9CYlefDXzIdEaA+PAhDYllkvGeEroEzvc4Kzzj2O4yVdz8v6fjRvhA==",
      "requires": {
        "whatwg-url-without-unicode": "8.0.0-3"
      }
    },
    "webidl-conversions": {
      "version": "5.0.0",
      "resolved": "https://registry.npmjs.org/webidl-conversions/-/webidl-conversions-5.0.0.tgz",
      "integrity": "sha512-VlZwKPCkYKxQgeSbH5EyngOmRp7Ww7I9rQLERETtf5ofd9pGeswWiOtogpEO850jziPRarreGxn5QIiTqpb2wA=="
    },
    "whatwg-url-without-unicode": {
      "version": "8.0.0-3",
      "resolved": "https://registry.npmjs.org/whatwg-url-without-unicode/-/whatwg-url-without-unicode-8.0.0-3.tgz",
      "integrity": "sha512-HoKuzZrUlgpz35YO27XgD28uh/WJH4B0+3ttFqRo//lmq+9T/mIOJ6kqmINI9HpUpz1imRC/nR/lxKpJiv0uig==",
      "requires": {
        "buffer": "^5.4.3",
        "punycode": "^2.1.1",
        "webidl-conversions": "^5.0.0"
      }
    }
  }
}
